
Microsoft Visual Studio Solution File, Format Version 12.00
Project("{FAE04EC0-301F-11D3-BF4B-00C04F79EFBC}") = "asp_exam", "asp_exam\asp_exam.csproj", "{1F4156EC-903F-4274-81D8-E4635D25B1AE}"
EndProject
Global
	GlobalSection(SolutionConfigurationPlatforms) = preSolution
		Debug|Any CPU = Debug|Any CPU
		Release|Any CPU = Release|Any CPU
	EndGlobalSection
	GlobalSection(ProjectConfigurationPlatforms) = postSolution
		{1F4156EC-903F-4274-81D8-E4635D25B1AE}.Debug|Any CPU.ActiveCfg = Debug|Any CPU
		{1F4156EC-903F-4274-81D8-E4635D25B1AE}.Debug|Any CPU.Build.0 = Debug|Any CPU
		{1F4156EC-903F-4274-81D8-E4635D25B1AE}.Release|Any CPU.ActiveCfg = Release|Any CPU
		{1F4156EC-903F-4274-81D8-E4635D25B1AE}.Release|Any CPU.Build.0 = Release|Any CPU
	EndGlobalSection
EndGlobal
